
Microsoft Visual Studio Solution File, Format Version 12.00
# Visual Studio Version 16
VisualStudioVersion = 16.0.30907.101
MinimumVisualStudioVersion = 10.0.40219.1
Project("{FAE04EC0-301F-11D3-BF4B-00C04F79EFBC}") = "OOP_8_1", "OOP_8_1\OOP_8_1.csproj", "{02F7489D-3EB4-4702-A707-99CB1ECCB13A}"
EndProject
Global
	GlobalSection(SolutionConfigurationPlatforms) = preSolution
		Debug|Any CPU = Debug|Any CPU
		Release|Any CPU = Release|Any CPU
	EndGlobalSection
	GlobalSection(ProjectConfigurationPlatforms) = postSolution
		{02F7489D-3EB4-4702-A707-99CB1ECCB13A}.Debug|Any CPU.ActiveCfg = Debug|Any CPU
		{02F7489D-3EB4-4702-A707-99CB1ECCB13A}.Debug|Any CPU.Build.0 = Debug|Any CPU
		{02F7489D-3EB4-4702-A707-99CB1ECCB13A}.Release|Any CPU.ActiveCfg = Release|Any CPU
		{02F7489D-3EB4-4702-A707-99CB1ECCB13A}.Release|Any CPU.Build.0 = Release|Any CPU
	EndGlobalSection
	GlobalSection(SolutionProperties) = preSolution
		HideSolutionNode = FALSE
	EndGlobalSection
	GlobalSection(ExtensibilityGlobals) = postSolution
		SolutionGuid = {4E74D03B-4659-4F84-8701-D4791CA09B36}
	EndGlobalSection
EndGlobal
